
Microsoft Visual Studio Solution File, Format Version 12.00
# Visual Studio 15
VisualStudioVersion = 15.0.27703.2000
MinimumVisualStudioVersion = 10.0.40219.1
Project("{9A19103F-16F7-4668-BE54-9A1E7A4F7556}") = "P01_SoftUniReception", "P01_\P01_SoftUniReception.csproj", "{87441925-377C-44AA-B54B-A6E051D0EF7E}"
EndProject
Project("{9A19103F-16F7-4668-BE54-9A1E7A4F7556}") = "P02_SoftUniCoursePlanning", "P02_\P02_SoftUniCoursePlanning.csproj", "{08C153C8-C0CE-43BC-ADFB-941A6161F28B}"
EndProject
Project("{9A19103F-16F7-4668-BE54-9A1E7A4F7556}") = "P03_SoftUniBarIncome", "P03_\P03_SoftUniBarIncome.csproj", "{540F83D0-8F8B-4FAB-BFAF-8C67EA6D314F}"
EndProject
Project("{9A19103F-16F7-4668-BE54-9A1E7A4F7556}") = "P04_SoftUniExamResults", "P04_\P04_SoftUniExamResults.csproj", "{938FB384-52A1-46DD-BAF4-5DB4D1E95BC9}"
EndProject
Project("{9A19103F-16F7-4668-BE54-9A1E7A4F7556}") = "Demo", "Demo\Demo.csproj", "{F595F3D6-9874-43B3-9B92-AE4A75F9A068}"
EndProject
Global
	GlobalSection(SolutionConfigurationPlatforms) = preSolution
		Debug|Any CPU = Debug|Any CPU
		Release|Any CPU = Release|Any CPU
	EndGlobalSection
	GlobalSection(ProjectConfigurationPlatforms) = postSolution
		{87441925-377C-44AA-B54B-A6E051D0EF7E}.Debug|Any CPU.ActiveCfg = Debug|Any CPU
		{87441925-377C-44AA-B54B-A6E051D0EF7E}.Debug|Any CPU.Build.0 = Debug|Any CPU
		{87441925-377C-44AA-B54B-A6E051D0EF7E}.Release|Any CPU.ActiveCfg = Release|Any CPU
		{87441925-377C-44AA-B54B-A6E051D0EF7E}.Release|Any CPU.Build.0 = Release|Any CPU
		{08C153C8-C0CE-43BC-ADFB-941A6161F28B}.Debug|Any CPU.ActiveCfg = Debug|Any CPU
		{08C153C8-C0CE-43BC-ADFB-941A6161F28B}.Debug|Any CPU.Build.0 = Debug|Any CPU
		{08C153C8-C0CE-43BC-ADFB-941A6161F28B}.Release|Any CPU.ActiveCfg = Release|Any CPU
		{08C153C8-C0CE-43BC-ADFB-941A6161F28B}.Release|Any CPU.Build.0 = Release|Any CPU
		{540F83D0-8F8B-4FAB-BFAF-8C67EA6D314F}.Debug|Any CPU.ActiveCfg = Debug|Any CPU
		{540F83D0-8F8B-4FAB-BFAF-8C67EA6D314F}.Debug|Any CPU.Build.0 = Debug|Any CPU
		{540F83D0-8F8B-4FAB-BFAF-8C67EA6D314F}.Release|Any CPU.ActiveCfg = Release|Any CPU
		{540F83D0-8F8B-4FAB-BFAF-8C67EA6D314F}.Release|Any CPU.Build.0 = Release|Any CPU
		{938FB384-52A1-46DD-BAF4-5DB4D1E95BC9}.Debug|Any CPU.ActiveCfg = Debug|Any CPU
		{938FB384-52A1-46DD-BAF4-5DB4D1E95BC9}.Debug|Any CPU.Build.0 = Debug|Any CPU
		{938FB384-52A1-46DD-BAF4-5DB4D1E95BC9}.Release|Any CPU.ActiveCfg = Release|Any CPU
		{938FB384-52A1-46DD-BAF4-5DB4D1E95BC9}.Release|Any CPU.Build.0 = Release|Any CPU
		{F595F3D6-9874-43B3-9B92-AE4A75F9A068}.Debug|Any CPU.ActiveCfg = Debug|Any CPU
		{F595F3D6-9874-43B3-9B92-AE4A75F9A068}.Debug|Any CPU.Build.0 = Debug|Any CPU
		{F595F3D6-9874-43B3-9B92-AE4A75F9A068}.Release|Any CPU.ActiveCfg = Release|Any CPU
		{F595F3D6-9874-43B3-9B92-AE4A75F9A068}.Release|Any CPU.Build.0 = Release|Any CPU
	EndGlobalSection
	GlobalSection(SolutionProperties) = preSolution
		HideSolutionNode = FALSE
	EndGlobalSection
	GlobalSection(ExtensibilityGlobals) = postSolution
		SolutionGuid = {F86DCAE3-0769-440C-9302-E40F8D36184E}
	EndGlobalSection
EndGlobal
