
Microsoft Visual Studio Solution File, Format Version 12.00
# Visual Studio 15
VisualStudioVersion = 15.0.27703.2000
MinimumVisualStudioVersion = 10.0.40219.1
Project("{FAE04EC0-301F-11D3-BF4B-00C04F79EFBC}") = "P01_DayOfWeek", "P01_DayOfWeek\P01_DayOfWeek.csproj", "{1AF159BF-1591-4265-ACAD-65385AE02F60}"
EndProject
Project("{FAE04EC0-301F-11D3-BF4B-00C04F79EFBC}") = "P02_ReverseArrayOfIntegers", "P02_ReverseArrayOfIntegers\P02_ReverseArrayOfIntegers.csproj", "{B298DAEF-8457-460F-9560-06FADAE8C83B}"
EndProject
Project("{FAE04EC0-301F-11D3-BF4B-00C04F79EFBC}") = "P03_LastKNumbersSums", "P03_LastKNumbersSums\P03_LastKNumbersSums.csproj", "{A21699DD-AC06-440F-A96A-6331C18873DF}"
EndProject
Project("{FAE04EC0-301F-11D3-BF4B-00C04F79EFBC}") = "P04_TripleSum", "P04_TripleSum\P04_TripleSum.csproj", "{92F737BA-8D0E-4588-990B-9BE8E11AED1F}"
EndProject
Project("{FAE04EC0-301F-11D3-BF4B-00C04F79EFBC}") = "P05_RoundingNumbers", "P05_RoundingNumbers\P05_RoundingNumbers.csproj", "{C58662B4-0ED5-4B48-8B86-919AF517AA33}"
EndProject
Project("{FAE04EC0-301F-11D3-BF4B-00C04F79EFBC}") = "P06_ReverseArrayOfStrings", "P06_ReverseArrayOfStrings\P06_ReverseArrayOfStrings.csproj", "{A0887232-1CBD-4BBB-9E7A-B11AAFA75638}"
EndProject
Project("{FAE04EC0-301F-11D3-BF4B-00C04F79EFBC}") = "P07_SumArrays", "P07_SumArrays\P07_SumArrays.csproj", "{22D8D4D7-E4C3-407B-A0DF-D8AC1093E564}"
EndProject
Project("{FAE04EC0-301F-11D3-BF4B-00C04F79EFBC}") = "P08_CondenseArrayToNumber", "P08_CondenseArrayToNumber\P08_CondenseArrayToNumber.csproj", "{EA6CF76E-4311-4D7A-B561-817B56908B25}"
EndProject
Project("{FAE04EC0-301F-11D3-BF4B-00C04F79EFBC}") = "P09_ExtractMiddleElements", "P09_ExtractMiddleElements\P09_ExtractMiddleElements.csproj", "{292C2C4A-5CCF-4E53-95FC-65BD5261CE28}"
EndProject
Global
	GlobalSection(SolutionConfigurationPlatforms) = preSolution
		Debug|Any CPU = Debug|Any CPU
		Release|Any CPU = Release|Any CPU
	EndGlobalSection
	GlobalSection(ProjectConfigurationPlatforms) = postSolution
		{1AF159BF-1591-4265-ACAD-65385AE02F60}.Debug|Any CPU.ActiveCfg = Debug|Any CPU
		{1AF159BF-1591-4265-ACAD-65385AE02F60}.Debug|Any CPU.Build.0 = Debug|Any CPU
		{1AF159BF-1591-4265-ACAD-65385AE02F60}.Release|Any CPU.ActiveCfg = Release|Any CPU
		{1AF159BF-1591-4265-ACAD-65385AE02F60}.Release|Any CPU.Build.0 = Release|Any CPU
		{B298DAEF-8457-460F-9560-06FADAE8C83B}.Debug|Any CPU.ActiveCfg = Debug|Any CPU
		{B298DAEF-8457-460F-9560-06FADAE8C83B}.Debug|Any CPU.Build.0 = Debug|Any CPU
		{B298DAEF-8457-460F-9560-06FADAE8C83B}.Release|Any CPU.ActiveCfg = Release|Any CPU
		{B298DAEF-8457-460F-9560-06FADAE8C83B}.Release|Any CPU.Build.0 = Release|Any CPU
		{A21699DD-AC06-440F-A96A-6331C18873DF}.Debug|Any CPU.ActiveCfg = Debug|Any CPU
		{A21699DD-AC06-440F-A96A-6331C18873DF}.Debug|Any CPU.Build.0 = Debug|Any CPU
		{A21699DD-AC06-440F-A96A-6331C18873DF}.Release|Any CPU.ActiveCfg = Release|Any CPU
		{A21699DD-AC06-440F-A96A-6331C18873DF}.Release|Any CPU.Build.0 = Release|Any CPU
		{92F737BA-8D0E-4588-990B-9BE8E11AED1F}.Debug|Any CPU.ActiveCfg = Debug|Any CPU
		{92F737BA-8D0E-4588-990B-9BE8E11AED1F}.Debug|Any CPU.Build.0 = Debug|Any CPU
		{92F737BA-8D0E-4588-990B-9BE8E11AED1F}.Release|Any CPU.ActiveCfg = Release|Any CPU
		{92F737BA-8D0E-4588-990B-9BE8E11AED1F}.Release|Any CPU.Build.0 = Release|Any CPU
		{C58662B4-0ED5-4B48-8B86-919AF517AA33}.Debug|Any CPU.ActiveCfg = Debug|Any CPU
		{C58662B4-0ED5-4B48-8B86-919AF517AA33}.Debug|Any CPU.Build.0 = Debug|Any CPU
		{C58662B4-0ED5-4B48-8B86-919AF517AA33}.Release|Any CPU.ActiveCfg = Release|Any CPU
		{C58662B4-0ED5-4B48-8B86-919AF517AA33}.Release|Any CPU.Build.0 = Release|Any CPU
		{A0887232-1CBD-4BBB-9E7A-B11AAFA75638}.Debug|Any CPU.ActiveCfg = Debug|Any CPU
		{A0887232-1CBD-4BBB-9E7A-B11AAFA75638}.Debug|Any CPU.Build.0 = Debug|Any CPU
		{A0887232-1CBD-4BBB-9E7A-B11AAFA75638}.Release|Any CPU.ActiveCfg = Release|Any CPU
		{A0887232-1CBD-4BBB-9E7A-B11AAFA75638}.Release|Any CPU.Build.0 = Release|Any CPU
		{22D8D4D7-E4C3-407B-A0DF-D8AC1093E564}.Debug|Any CPU.ActiveCfg = Debug|Any CPU
		{22D8D4D7-E4C3-407B-A0DF-D8AC1093E564}.Debug|Any CPU.Build.0 = Debug|Any CPU
		{22D8D4D7-E4C3-407B-A0DF-D8AC1093E564}.Release|Any CPU.ActiveCfg = Release|Any CPU
		{22D8D4D7-E4C3-407B-A0DF-D8AC1093E564}.Release|Any CPU.Build.0 = Release|Any CPU
		{EA6CF76E-4311-4D7A-B561-817B56908B25}.Debug|Any CPU.ActiveCfg = Debug|Any CPU
		{EA6CF76E-4311-4D7A-B561-817B56908B25}.Debug|Any CPU.Build.0 = Debug|Any CPU
		{EA6CF76E-4311-4D7A-B561-817B56908B25}.Release|Any CPU.ActiveCfg = Release|Any CPU
		{EA6CF76E-4311-4D7A-B561-817B56908B25}.Release|Any CPU.Build.0 = Release|Any CPU
		{292C2C4A-5CCF-4E53-95FC-65BD5261CE28}.Debug|Any CPU.ActiveCfg = Debug|Any CPU
		{292C2C4A-5CCF-4E53-95FC-65BD5261CE28}.Debug|Any CPU.Build.0 = Debug|Any CPU
		{292C2C4A-5CCF-4E53-95FC-65BD5261CE28}.Release|Any CPU.ActiveCfg = Release|Any CPU
		{292C2C4A-5CCF-4E53-95FC-65BD5261CE28}.Release|Any CPU.Build.0 = Release|Any CPU
	EndGlobalSection
	GlobalSection(SolutionProperties) = preSolution
		HideSolutionNode = FALSE
	EndGlobalSection
	GlobalSection(ExtensibilityGlobals) = postSolution
		SolutionGuid = {88CE3217-1298-4A3E-92F0-FBE3692FAA4E}
	EndGlobalSection
EndGlobal
