
Microsoft Visual Studio Solution File, Format Version 12.00
# Visual Studio 15
VisualStudioVersion = 15.0.27703.2000
MinimumVisualStudioVersion = 10.0.40219.1
Project("{FAE04EC0-301F-11D3-BF4B-00C04F79EFBC}") = "P01_SinoTheWalker", "P01_SinoTheWalker\P01_SinoTheWalker.csproj", "{B90886CA-AD93-40C0-ACDE-18B775D3EC65}"
EndProject
Project("{FAE04EC0-301F-11D3-BF4B-00C04F79EFBC}") = "P02_SoftUniKaraoke", "P02_SoftUniKaraoke\P02_SoftUniKaraoke.csproj", "{D11D19CF-9BD4-475F-8B54-0885FB7FCBB2}"
EndProject
Global
	GlobalSection(SolutionConfigurationPlatforms) = preSolution
		Debug|Any CPU = Debug|Any CPU
		Release|Any CPU = Release|Any CPU
	EndGlobalSection
	GlobalSection(ProjectConfigurationPlatforms) = postSolution
		{B90886CA-AD93-40C0-ACDE-18B775D3EC65}.Debug|Any CPU.ActiveCfg = Debug|Any CPU
		{B90886CA-AD93-40C0-ACDE-18B775D3EC65}.Debug|Any CPU.Build.0 = Debug|Any CPU
		{B90886CA-AD93-40C0-ACDE-18B775D3EC65}.Release|Any CPU.ActiveCfg = Release|Any CPU
		{B90886CA-AD93-40C0-ACDE-18B775D3EC65}.Release|Any CPU.Build.0 = Release|Any CPU
		{D11D19CF-9BD4-475F-8B54-0885FB7FCBB2}.Debug|Any CPU.ActiveCfg = Debug|Any CPU
		{D11D19CF-9BD4-475F-8B54-0885FB7FCBB2}.Debug|Any CPU.Build.0 = Debug|Any CPU
		{D11D19CF-9BD4-475F-8B54-0885FB7FCBB2}.Release|Any CPU.ActiveCfg = Release|Any CPU
		{D11D19CF-9BD4-475F-8B54-0885FB7FCBB2}.Release|Any CPU.Build.0 = Release|Any CPU
	EndGlobalSection
	GlobalSection(SolutionProperties) = preSolution
		HideSolutionNode = FALSE
	EndGlobalSection
	GlobalSection(ExtensibilityGlobals) = postSolution
		SolutionGuid = {A1DB130B-E910-43C4-AE09-5CFEFFFC755D}
	EndGlobalSection
EndGlobal
