
Microsoft Visual Studio Solution File, Format Version 12.00
# Visual Studio 15
VisualStudioVersion = 15.0.27703.2000
MinimumVisualStudioVersion = 10.0.40219.1
Project("{FAE04EC0-301F-11D3-BF4B-00C04F79EFBC}") = "P01_ReverseString", "P01_ReverseString\P01_ReverseString.csproj", "{A2C8CFFA-DADC-488B-A284-478D3148F968}"
EndProject
Project("{FAE04EC0-301F-11D3-BF4B-00C04F79EFBC}") = "P02_CountSubstringOccurrences", "P02_CountSubstringOccurrences\P02_CountSubstringOccurrences.csproj", "{4A305513-E4F2-478A-847F-EECEE96D5E0B}"
EndProject
Project("{FAE04EC0-301F-11D3-BF4B-00C04F79EFBC}") = "P03_TextFilter", "P03_TextFilter\P03_TextFilter.csproj", "{26B55094-B2F3-4CC2-92EC-C204ED54A8D6}"
EndProject
Project("{FAE04EC0-301F-11D3-BF4B-00C04F79EFBC}") = "P04_Palindromes", "P04_Palindromes\P04_Palindromes.csproj", "{A0E599D4-EE13-4143-9FAE-08E3F9D27697}"
EndProject
Global
	GlobalSection(SolutionConfigurationPlatforms) = preSolution
		Debug|Any CPU = Debug|Any CPU
		Release|Any CPU = Release|Any CPU
	EndGlobalSection
	GlobalSection(ProjectConfigurationPlatforms) = postSolution
		{A2C8CFFA-DADC-488B-A284-478D3148F968}.Debug|Any CPU.ActiveCfg = Debug|Any CPU
		{A2C8CFFA-DADC-488B-A284-478D3148F968}.Debug|Any CPU.Build.0 = Debug|Any CPU
		{A2C8CFFA-DADC-488B-A284-478D3148F968}.Release|Any CPU.ActiveCfg = Release|Any CPU
		{A2C8CFFA-DADC-488B-A284-478D3148F968}.Release|Any CPU.Build.0 = Release|Any CPU
		{4A305513-E4F2-478A-847F-EECEE96D5E0B}.Debug|Any CPU.ActiveCfg = Debug|Any CPU
		{4A305513-E4F2-478A-847F-EECEE96D5E0B}.Debug|Any CPU.Build.0 = Debug|Any CPU
		{4A305513-E4F2-478A-847F-EECEE96D5E0B}.Release|Any CPU.ActiveCfg = Release|Any CPU
		{4A305513-E4F2-478A-847F-EECEE96D5E0B}.Release|Any CPU.Build.0 = Release|Any CPU
		{26B55094-B2F3-4CC2-92EC-C204ED54A8D6}.Debug|Any CPU.ActiveCfg = Debug|Any CPU
		{26B55094-B2F3-4CC2-92EC-C204ED54A8D6}.Debug|Any CPU.Build.0 = Debug|Any CPU
		{26B55094-B2F3-4CC2-92EC-C204ED54A8D6}.Release|Any CPU.ActiveCfg = Release|Any CPU
		{26B55094-B2F3-4CC2-92EC-C204ED54A8D6}.Release|Any CPU.Build.0 = Release|Any CPU
		{A0E599D4-EE13-4143-9FAE-08E3F9D27697}.Debug|Any CPU.ActiveCfg = Debug|Any CPU
		{A0E599D4-EE13-4143-9FAE-08E3F9D27697}.Debug|Any CPU.Build.0 = Debug|Any CPU
		{A0E599D4-EE13-4143-9FAE-08E3F9D27697}.Release|Any CPU.ActiveCfg = Release|Any CPU
		{A0E599D4-EE13-4143-9FAE-08E3F9D27697}.Release|Any CPU.Build.0 = Release|Any CPU
	EndGlobalSection
	GlobalSection(SolutionProperties) = preSolution
		HideSolutionNode = FALSE
	EndGlobalSection
	GlobalSection(ExtensibilityGlobals) = postSolution
		SolutionGuid = {0E643314-4079-411A-8C68-64C6A0CC3766}
	EndGlobalSection
EndGlobal
