
Microsoft Visual Studio Solution File, Format Version 12.00
# Visual Studio 15
VisualStudioVersion = 15.0.27703.2000
MinimumVisualStudioVersion = 10.0.40219.1
Project("{FAE04EC0-301F-11D3-BF4B-00C04F79EFBC}") = "P01_ChooseADrink", "P01_ChooseADrink\P01_ChooseADrink.csproj", "{C5F9D759-F9B9-41F8-8116-E2D21C685E9F}"
EndProject
Project("{FAE04EC0-301F-11D3-BF4B-00C04F79EFBC}") = "P02_ChooseADrink2.0", "P02_ChooseADrink2.0\P02_ChooseADrink2.0.csproj", "{B98B2C24-98F9-4375-B2A6-8C2E4A7BC356}"
EndProject
Project("{FAE04EC0-301F-11D3-BF4B-00C04F79EFBC}") = "P03_RestaurantDiscount", "P03_RestaurantDiscount\P03_RestaurantDiscount.csproj", "{72309291-9E94-4B96-87AA-32A6CDA5FCC9}"
EndProject
Project("{FAE04EC0-301F-11D3-BF4B-00C04F79EFBC}") = "P04_Hotel", "P04_Hotel\P04_Hotel.csproj", "{4F437242-A08F-4AB5-8000-D2C7A730AC14}"
EndProject
Project("{FAE04EC0-301F-11D3-BF4B-00C04F79EFBC}") = "P05_WordInPlural", "P05_WordInPlural\P05_WordInPlural.csproj", "{4C27AE9F-45D1-4E3B-BE25-787D666C8D3E}"
EndProject
Project("{FAE04EC0-301F-11D3-BF4B-00C04F79EFBC}") = "P06_IntervalOfNumbers", "P06_IntervalOfNumbers\P06_IntervalOfNumbers.csproj", "{D4070224-21C0-487F-ACBF-E9ECC98D0DD7}"
EndProject
Project("{FAE04EC0-301F-11D3-BF4B-00C04F79EFBC}") = "P07_CakeIngredients", "P07_CakeIngredients\P07_CakeIngredients.csproj", "{5F47E165-064A-4035-8C96-DD05B4CFCC3F}"
EndProject
Project("{FAE04EC0-301F-11D3-BF4B-00C04F79EFBC}") = "P08_CaloriesCounter", "P08_CaloriesCounter\P08_CaloriesCounter.csproj", "{FDABB913-7E40-45C8-B090-5210B943C073}"
EndProject
Project("{FAE04EC0-301F-11D3-BF4B-00C04F79EFBC}") = "P09_CountTheIntegers", "P09_CountTheIntegers\P09_CountTheIntegers.csproj", "{6F15511E-84E6-4177-9E4A-65616583DBF1}"
EndProject
Project("{FAE04EC0-301F-11D3-BF4B-00C04F79EFBC}") = "P10_TriangleOfNumbers", "P10_TriangleOfNumbers\P10_TriangleOfNumbers.csproj", "{0B0453A2-5571-4B64-B3BA-900FB4ACAB9F}"
EndProject
Project("{FAE04EC0-301F-11D3-BF4B-00C04F79EFBC}") = "P11_5DifferentNumbers", "P11_5DifferentNumbers\P11_5DifferentNumbers.csproj", "{20BEAFDF-6A9A-45DA-A794-2C17A5B2F3BB}"
EndProject
Project("{FAE04EC0-301F-11D3-BF4B-00C04F79EFBC}") = "P12_TestNumbers", "P12_TestNumbers\P12_TestNumbers.csproj", "{C2738426-6C4F-42F8-AFEC-C40019D86E8C}"
EndProject
Project("{FAE04EC0-301F-11D3-BF4B-00C04F79EFBC}") = "P13_GameOfNumbers", "P13_GameOfNumbers\P13_GameOfNumbers.csproj", "{EC1A40A7-94D1-4A02-8564-892590343CB9}"
EndProject
Project("{FAE04EC0-301F-11D3-BF4B-00C04F79EFBC}") = "P14_MagicLetter", "P14_MagicLetter\P14_MagicLetter.csproj", "{6F734C2E-0BE5-4744-B2CC-A8829BF86CA0}"
EndProject
Project("{FAE04EC0-301F-11D3-BF4B-00C04F79EFBC}") = "P15_NeighbourWars", "P15_NeighbourWars\P15_NeighbourWars.csproj", "{057D432B-2F19-4277-8E83-3ADBDD8A769E}"
EndProject
Global
	GlobalSection(SolutionConfigurationPlatforms) = preSolution
		Debug|Any CPU = Debug|Any CPU
		Release|Any CPU = Release|Any CPU
	EndGlobalSection
	GlobalSection(ProjectConfigurationPlatforms) = postSolution
		{C5F9D759-F9B9-41F8-8116-E2D21C685E9F}.Debug|Any CPU.ActiveCfg = Debug|Any CPU
		{C5F9D759-F9B9-41F8-8116-E2D21C685E9F}.Debug|Any CPU.Build.0 = Debug|Any CPU
		{C5F9D759-F9B9-41F8-8116-E2D21C685E9F}.Release|Any CPU.ActiveCfg = Release|Any CPU
		{C5F9D759-F9B9-41F8-8116-E2D21C685E9F}.Release|Any CPU.Build.0 = Release|Any CPU
		{B98B2C24-98F9-4375-B2A6-8C2E4A7BC356}.Debug|Any CPU.ActiveCfg = Debug|Any CPU
		{B98B2C24-98F9-4375-B2A6-8C2E4A7BC356}.Debug|Any CPU.Build.0 = Debug|Any CPU
		{B98B2C24-98F9-4375-B2A6-8C2E4A7BC356}.Release|Any CPU.ActiveCfg = Release|Any CPU
		{B98B2C24-98F9-4375-B2A6-8C2E4A7BC356}.Release|Any CPU.Build.0 = Release|Any CPU
		{72309291-9E94-4B96-87AA-32A6CDA5FCC9}.Debug|Any CPU.ActiveCfg = Debug|Any CPU
		{72309291-9E94-4B96-87AA-32A6CDA5FCC9}.Debug|Any CPU.Build.0 = Debug|Any CPU
		{72309291-9E94-4B96-87AA-32A6CDA5FCC9}.Release|Any CPU.ActiveCfg = Release|Any CPU
		{72309291-9E94-4B96-87AA-32A6CDA5FCC9}.Release|Any CPU.Build.0 = Release|Any CPU
		{4F437242-A08F-4AB5-8000-D2C7A730AC14}.Debug|Any CPU.ActiveCfg = Debug|Any CPU
		{4F437242-A08F-4AB5-8000-D2C7A730AC14}.Debug|Any CPU.Build.0 = Debug|Any CPU
		{4F437242-A08F-4AB5-8000-D2C7A730AC14}.Release|Any CPU.ActiveCfg = Release|Any CPU
		{4F437242-A08F-4AB5-8000-D2C7A730AC14}.Release|Any CPU.Build.0 = Release|Any CPU
		{4C27AE9F-45D1-4E3B-BE25-787D666C8D3E}.Debug|Any CPU.ActiveCfg = Debug|Any CPU
		{4C27AE9F-45D1-4E3B-BE25-787D666C8D3E}.Debug|Any CPU.Build.0 = Debug|Any CPU
		{4C27AE9F-45D1-4E3B-BE25-787D666C8D3E}.Release|Any CPU.ActiveCfg = Release|Any CPU
		{4C27AE9F-45D1-4E3B-BE25-787D666C8D3E}.Release|Any CPU.Build.0 = Release|Any CPU
		{D4070224-21C0-487F-ACBF-E9ECC98D0DD7}.Debug|Any CPU.ActiveCfg = Debug|Any CPU
		{D4070224-21C0-487F-ACBF-E9ECC98D0DD7}.Debug|Any CPU.Build.0 = Debug|Any CPU
		{D4070224-21C0-487F-ACBF-E9ECC98D0DD7}.Release|Any CPU.ActiveCfg = Release|Any CPU
		{D4070224-21C0-487F-ACBF-E9ECC98D0DD7}.Release|Any CPU.Build.0 = Release|Any CPU
		{5F47E165-064A-4035-8C96-DD05B4CFCC3F}.Debug|Any CPU.ActiveCfg = Debug|Any CPU
		{5F47E165-064A-4035-8C96-DD05B4CFCC3F}.Debug|Any CPU.Build.0 = Debug|Any CPU
		{5F47E165-064A-4035-8C96-DD05B4CFCC3F}.Release|Any CPU.ActiveCfg = Release|Any CPU
		{5F47E165-064A-4035-8C96-DD05B4CFCC3F}.Release|Any CPU.Build.0 = Release|Any CPU
		{FDABB913-7E40-45C8-B090-5210B943C073}.Debug|Any CPU.ActiveCfg = Debug|Any CPU
		{FDABB913-7E40-45C8-B090-5210B943C073}.Debug|Any CPU.Build.0 = Debug|Any CPU
		{FDABB913-7E40-45C8-B090-5210B943C073}.Release|Any CPU.ActiveCfg = Release|Any CPU
		{FDABB913-7E40-45C8-B090-5210B943C073}.Release|Any CPU.Build.0 = Release|Any CPU
		{6F15511E-84E6-4177-9E4A-65616583DBF1}.Debug|Any CPU.ActiveCfg = Debug|Any CPU
		{6F15511E-84E6-4177-9E4A-65616583DBF1}.Debug|Any CPU.Build.0 = Debug|Any CPU
		{6F15511E-84E6-4177-9E4A-65616583DBF1}.Release|Any CPU.ActiveCfg = Release|Any CPU
		{6F15511E-84E6-4177-9E4A-65616583DBF1}.Release|Any CPU.Build.0 = Release|Any CPU
		{0B0453A2-5571-4B64-B3BA-900FB4ACAB9F}.Debug|Any CPU.ActiveCfg = Debug|Any CPU
		{0B0453A2-5571-4B64-B3BA-900FB4ACAB9F}.Debug|Any CPU.Build.0 = Debug|Any CPU
		{0B0453A2-5571-4B64-B3BA-900FB4ACAB9F}.Release|Any CPU.ActiveCfg = Release|Any CPU
		{0B0453A2-5571-4B64-B3BA-900FB4ACAB9F}.Release|Any CPU.Build.0 = Release|Any CPU
		{20BEAFDF-6A9A-45DA-A794-2C17A5B2F3BB}.Debug|Any CPU.ActiveCfg = Debug|Any CPU
		{20BEAFDF-6A9A-45DA-A794-2C17A5B2F3BB}.Debug|Any CPU.Build.0 = Debug|Any CPU
		{20BEAFDF-6A9A-45DA-A794-2C17A5B2F3BB}.Release|Any CPU.ActiveCfg = Release|Any CPU
		{20BEAFDF-6A9A-45DA-A794-2C17A5B2F3BB}.Release|Any CPU.Build.0 = Release|Any CPU
		{C2738426-6C4F-42F8-AFEC-C40019D86E8C}.Debug|Any CPU.ActiveCfg = Debug|Any CPU
		{C2738426-6C4F-42F8-AFEC-C40019D86E8C}.Debug|Any CPU.Build.0 = Debug|Any CPU
		{C2738426-6C4F-42F8-AFEC-C40019D86E8C}.Release|Any CPU.ActiveCfg = Release|Any CPU
		{C2738426-6C4F-42F8-AFEC-C40019D86E8C}.Release|Any CPU.Build.0 = Release|Any CPU
		{EC1A40A7-94D1-4A02-8564-892590343CB9}.Debug|Any CPU.ActiveCfg = Debug|Any CPU
		{EC1A40A7-94D1-4A02-8564-892590343CB9}.Debug|Any CPU.Build.0 = Debug|Any CPU
		{EC1A40A7-94D1-4A02-8564-892590343CB9}.Release|Any CPU.ActiveCfg = Release|Any CPU
		{EC1A40A7-94D1-4A02-8564-892590343CB9}.Release|Any CPU.Build.0 = Release|Any CPU
		{6F734C2E-0BE5-4744-B2CC-A8829BF86CA0}.Debug|Any CPU.ActiveCfg = Debug|Any CPU
		{6F734C2E-0BE5-4744-B2CC-A8829BF86CA0}.Debug|Any CPU.Build.0 = Debug|Any CPU
		{6F734C2E-0BE5-4744-B2CC-A8829BF86CA0}.Release|Any CPU.ActiveCfg = Release|Any CPU
		{6F734C2E-0BE5-4744-B2CC-A8829BF86CA0}.Release|Any CPU.Build.0 = Release|Any CPU
		{057D432B-2F19-4277-8E83-3ADBDD8A769E}.Debug|Any CPU.ActiveCfg = Debug|Any CPU
		{057D432B-2F19-4277-8E83-3ADBDD8A769E}.Debug|Any CPU.Build.0 = Debug|Any CPU
		{057D432B-2F19-4277-8E83-3ADBDD8A769E}.Release|Any CPU.ActiveCfg = Release|Any CPU
		{057D432B-2F19-4277-8E83-3ADBDD8A769E}.Release|Any CPU.Build.0 = Release|Any CPU
	EndGlobalSection
	GlobalSection(SolutionProperties) = preSolution
		HideSolutionNode = FALSE
	EndGlobalSection
	GlobalSection(ExtensibilityGlobals) = postSolution
		SolutionGuid = {E522682A-B716-4910-99F0-F5FA341AF6FE}
	EndGlobalSection
EndGlobal
