
Microsoft Visual Studio Solution File, Format Version 12.00
# Visual Studio 15
VisualStudioVersion = 15.0.27703.2000
MinimumVisualStudioVersion = 10.0.40219.1
Project("{9A19103F-16F7-4668-BE54-9A1E7A4F7556}") = "P01_CountWorkingDays", "P01_CountWorkingDays\P01_CountWorkingDays.csproj", "{961042E4-368D-49E3-AEEF-4B3D487FA19D}"
EndProject
Project("{9A19103F-16F7-4668-BE54-9A1E7A4F7556}") = "P02_AdvertisementMessage", "P02_AdvertisementMessage\P02_AdvertisementMessage.csproj", "{3D70C958-0EFB-4AFA-8FE4-8B117F429789}"
EndProject
Project("{9A19103F-16F7-4668-BE54-9A1E7A4F7556}") = "P03_CirclesIntersection", "P03_CirclesIntersection\P03_CirclesIntersection.csproj", "{DED6997F-C263-448B-A761-7B55E7A67D39}"
EndProject
Project("{9A19103F-16F7-4668-BE54-9A1E7A4F7556}") = "P04_AverageGrades", "P04_AverageGrades\P04_AverageGrades.csproj", "{40B30E22-3BE6-4731-8D6E-E9475C2B214D}"
EndProject
Project("{9A19103F-16F7-4668-BE54-9A1E7A4F7556}") = "P05_BookLibrary", "P05_BookLibrary\P05_BookLibrary.csproj", "{F170F4D4-71C9-4E51-8AD2-545332458071}"
EndProject
Project("{9A19103F-16F7-4668-BE54-9A1E7A4F7556}") = "P06_", "demo\P06_.csproj", "{CA135566-0338-4415-AA5A-B7BFD604FD22}"
EndProject
Project("{FAE04EC0-301F-11D3-BF4B-00C04F79EFBC}") = "P07_AndreyAndBilliard", "P07_AndreyAndBilliard\P07_AndreyAndBilliard.csproj", "{B61E53DB-0D70-489D-BABB-9CA6A2EDF083}"
EndProject
Global
	GlobalSection(SolutionConfigurationPlatforms) = preSolution
		Debug|Any CPU = Debug|Any CPU
		Release|Any CPU = Release|Any CPU
	EndGlobalSection
	GlobalSection(ProjectConfigurationPlatforms) = postSolution
		{961042E4-368D-49E3-AEEF-4B3D487FA19D}.Debug|Any CPU.ActiveCfg = Debug|Any CPU
		{961042E4-368D-49E3-AEEF-4B3D487FA19D}.Debug|Any CPU.Build.0 = Debug|Any CPU
		{961042E4-368D-49E3-AEEF-4B3D487FA19D}.Release|Any CPU.ActiveCfg = Release|Any CPU
		{961042E4-368D-49E3-AEEF-4B3D487FA19D}.Release|Any CPU.Build.0 = Release|Any CPU
		{3D70C958-0EFB-4AFA-8FE4-8B117F429789}.Debug|Any CPU.ActiveCfg = Debug|Any CPU
		{3D70C958-0EFB-4AFA-8FE4-8B117F429789}.Debug|Any CPU.Build.0 = Debug|Any CPU
		{3D70C958-0EFB-4AFA-8FE4-8B117F429789}.Release|Any CPU.ActiveCfg = Release|Any CPU
		{3D70C958-0EFB-4AFA-8FE4-8B117F429789}.Release|Any CPU.Build.0 = Release|Any CPU
		{DED6997F-C263-448B-A761-7B55E7A67D39}.Debug|Any CPU.ActiveCfg = Debug|Any CPU
		{DED6997F-C263-448B-A761-7B55E7A67D39}.Debug|Any CPU.Build.0 = Debug|Any CPU
		{DED6997F-C263-448B-A761-7B55E7A67D39}.Release|Any CPU.ActiveCfg = Release|Any CPU
		{DED6997F-C263-448B-A761-7B55E7A67D39}.Release|Any CPU.Build.0 = Release|Any CPU
		{40B30E22-3BE6-4731-8D6E-E9475C2B214D}.Debug|Any CPU.ActiveCfg = Debug|Any CPU
		{40B30E22-3BE6-4731-8D6E-E9475C2B214D}.Debug|Any CPU.Build.0 = Debug|Any CPU
		{40B30E22-3BE6-4731-8D6E-E9475C2B214D}.Release|Any CPU.ActiveCfg = Release|Any CPU
		{40B30E22-3BE6-4731-8D6E-E9475C2B214D}.Release|Any CPU.Build.0 = Release|Any CPU
		{F170F4D4-71C9-4E51-8AD2-545332458071}.Debug|Any CPU.ActiveCfg = Debug|Any CPU
		{F170F4D4-71C9-4E51-8AD2-545332458071}.Debug|Any CPU.Build.0 = Debug|Any CPU
		{F170F4D4-71C9-4E51-8AD2-545332458071}.Release|Any CPU.ActiveCfg = Release|Any CPU
		{F170F4D4-71C9-4E51-8AD2-545332458071}.Release|Any CPU.Build.0 = Release|Any CPU
		{CA135566-0338-4415-AA5A-B7BFD604FD22}.Debug|Any CPU.ActiveCfg = Debug|Any CPU
		{CA135566-0338-4415-AA5A-B7BFD604FD22}.Debug|Any CPU.Build.0 = Debug|Any CPU
		{CA135566-0338-4415-AA5A-B7BFD604FD22}.Release|Any CPU.ActiveCfg = Release|Any CPU
		{CA135566-0338-4415-AA5A-B7BFD604FD22}.Release|Any CPU.Build.0 = Release|Any CPU
		{B61E53DB-0D70-489D-BABB-9CA6A2EDF083}.Debug|Any CPU.ActiveCfg = Debug|Any CPU
		{B61E53DB-0D70-489D-BABB-9CA6A2EDF083}.Debug|Any CPU.Build.0 = Debug|Any CPU
		{B61E53DB-0D70-489D-BABB-9CA6A2EDF083}.Release|Any CPU.ActiveCfg = Release|Any CPU
		{B61E53DB-0D70-489D-BABB-9CA6A2EDF083}.Release|Any CPU.Build.0 = Release|Any CPU
	EndGlobalSection
	GlobalSection(SolutionProperties) = preSolution
		HideSolutionNode = FALSE
	EndGlobalSection
	GlobalSection(ExtensibilityGlobals) = postSolution
		SolutionGuid = {9129913D-FB63-477D-9A7C-B0F43FCA9B80}
	EndGlobalSection
EndGlobal
