
Microsoft Visual Studio Solution File, Format Version 12.00
# Visual Studio 15
VisualStudioVersion = 15.0.27703.2000
MinimumVisualStudioVersion = 10.0.40219.1
Project("{9A19103F-16F7-4668-BE54-9A1E7A4F7556}") = "P01_PracticeIntegerNumbers", "P01_1. Practice IntegerNumbers\P01_PracticeIntegerNumbers.csproj", "{2B6D5D8A-D76C-4ED2-9962-580DAAE313DE}"
EndProject
Project("{9A19103F-16F7-4668-BE54-9A1E7A4F7556}") = "P02_PracticeFloatingPoints", "P02_PracticeFloatingPoints\P02_PracticeFloatingPoints.csproj", "{E1EFA50F-E59D-463B-85A4-9A558FF7B265}"
EndProject
Project("{9A19103F-16F7-4668-BE54-9A1E7A4F7556}") = "P03_PracticeCharsAndStrings", "P03_PracticeCharsAndStrings\P03_PracticeCharsAndStrings.csproj", "{CDEF74DE-B580-4935-A31D-78AB4788C81A}"
EndProject
Project("{9A19103F-16F7-4668-BE54-9A1E7A4F7556}") = "P04_VariableInHexFormat", "P04_VariableInHexFormat\P04_VariableInHexFormat.csproj", "{55651DD5-2358-43BA-804A-0AF48747E5F7}"
EndProject
Project("{9A19103F-16F7-4668-BE54-9A1E7A4F7556}") = "P05_BooleanVariable", "P06_BooleanVariable\P05_BooleanVariable.csproj", "{D6AC92A4-6918-4DBC-B143-34298019E8ED}"
EndProject
Project("{9A19103F-16F7-4668-BE54-9A1E7A4F7556}") = "P06_StringsAndObjects", "P06_StringsAndObjects\P06_StringsAndObjects.csproj", "{3450A1BA-3F9C-4EDE-98B3-8F3D617AAD1C}"
EndProject
Project("{9A19103F-16F7-4668-BE54-9A1E7A4F7556}") = "P07_ExchangeVariableValues", "P07_ExchangeVariableValues\P07_ExchangeVariableValues.csproj", "{02F1F63F-374D-4259-96D0-B889F250E0DF}"
EndProject
Project("{9A19103F-16F7-4668-BE54-9A1E7A4F7556}") = "P08_EmployeeData", "P08_EmployeeData\P08_EmployeeData.csproj", "{7FA90015-DE73-4CB4-8474-3FA2C3EE3AAE}"
EndProject
Project("{9A19103F-16F7-4668-BE54-9A1E7A4F7556}") = "P09_ReversedChars", "P09_ReversedChars\P09_ReversedChars.csproj", "{BF3F4F97-FE1F-4815-99B2-8161F49A6078}"
EndProject
Project("{9A19103F-16F7-4668-BE54-9A1E7A4F7556}") = "P10_CenturiesToNanoseconds", "P10_CenturiesToNanoseconds\P10_CenturiesToNanoseconds.csproj", "{DE303031-FC69-43B3-BFCE-7D1EAADF4E94}"
EndProject
Project("{9A19103F-16F7-4668-BE54-9A1E7A4F7556}") = "P11_Convert SpeedUnits", "P11_Convert SpeedUnits\P11_Convert SpeedUnits.csproj", "{A5A4BD20-FEF3-4FCF-A2A0-A113149A11CF}"
EndProject
Project("{9A19103F-16F7-4668-BE54-9A1E7A4F7556}") = "P12_RectangleProperties", "P12_RectangleProperties\P12_RectangleProperties.csproj", "{1D160A5C-332C-4DC6-8BAB-D8555C29D9AE}"
EndProject
Project("{9A19103F-16F7-4668-BE54-9A1E7A4F7556}") = "P13_VowelOrDigit", "P13_VowelOrDigit\P13_VowelOrDigit.csproj", "{78839A3D-4651-4AC3-9D66-778F70E2F952}"
EndProject
Project("{9A19103F-16F7-4668-BE54-9A1E7A4F7556}") = "P14_ IntegerToHexAndBinary", "P14_ IntegerToHexAndBinary\P14_ IntegerToHexAndBinary.csproj", "{2160DDA8-F80D-48C0-900C-FCB2518C430B}"
EndProject
Project("{9A19103F-16F7-4668-BE54-9A1E7A4F7556}") = "P15_FastPrimeChecker", "P15_FastPrimeChecker\P15_FastPrimeChecker.csproj", "{B77A7B71-14E4-4630-876E-D1452D627696}"
EndProject
Project("{9A19103F-16F7-4668-BE54-9A1E7A4F7556}") = "P16_ComparingFloats", "P16_ComparingFloats\P16_ComparingFloats.csproj", "{8C00E7C9-1535-4570-9C19-F2E7D41AD694}"
EndProject
Project("{9A19103F-16F7-4668-BE54-9A1E7A4F7556}") = "P17_PrintPartOfASCIITable", "P17_PrintPartOfASCIITable\P17_PrintPartOfASCIITable.csproj", "{4D1D6AE4-6940-4FB9-BB5A-0F2A87675215}"
EndProject
Project("{9A19103F-16F7-4668-BE54-9A1E7A4F7556}") = "P18_DifferentIntegersSize", "P18_DifferentIntegersSize\P18_DifferentIntegersSize.csproj", "{19BD8627-D588-41F4-80BA-4C91370D46AA}"
EndProject
Project("{FAE04EC0-301F-11D3-BF4B-00C04F79EFBC}") = "P19TheaThePhotographer", "P19TheaThePhotographer\P19TheaThePhotographer.csproj", "{6303F822-8312-4A2E-A9DE-6975F1226404}"
EndProject
Global
	GlobalSection(SolutionConfigurationPlatforms) = preSolution
		Debug|Any CPU = Debug|Any CPU
		Release|Any CPU = Release|Any CPU
	EndGlobalSection
	GlobalSection(ProjectConfigurationPlatforms) = postSolution
		{2B6D5D8A-D76C-4ED2-9962-580DAAE313DE}.Debug|Any CPU.ActiveCfg = Debug|Any CPU
		{2B6D5D8A-D76C-4ED2-9962-580DAAE313DE}.Debug|Any CPU.Build.0 = Debug|Any CPU
		{2B6D5D8A-D76C-4ED2-9962-580DAAE313DE}.Release|Any CPU.ActiveCfg = Release|Any CPU
		{2B6D5D8A-D76C-4ED2-9962-580DAAE313DE}.Release|Any CPU.Build.0 = Release|Any CPU
		{E1EFA50F-E59D-463B-85A4-9A558FF7B265}.Debug|Any CPU.ActiveCfg = Debug|Any CPU
		{E1EFA50F-E59D-463B-85A4-9A558FF7B265}.Debug|Any CPU.Build.0 = Debug|Any CPU
		{E1EFA50F-E59D-463B-85A4-9A558FF7B265}.Release|Any CPU.ActiveCfg = Release|Any CPU
		{E1EFA50F-E59D-463B-85A4-9A558FF7B265}.Release|Any CPU.Build.0 = Release|Any CPU
		{CDEF74DE-B580-4935-A31D-78AB4788C81A}.Debug|Any CPU.ActiveCfg = Debug|Any CPU
		{CDEF74DE-B580-4935-A31D-78AB4788C81A}.Debug|Any CPU.Build.0 = Debug|Any CPU
		{CDEF74DE-B580-4935-A31D-78AB4788C81A}.Release|Any CPU.ActiveCfg = Release|Any CPU
		{CDEF74DE-B580-4935-A31D-78AB4788C81A}.Release|Any CPU.Build.0 = Release|Any CPU
		{55651DD5-2358-43BA-804A-0AF48747E5F7}.Debug|Any CPU.ActiveCfg = Debug|Any CPU
		{55651DD5-2358-43BA-804A-0AF48747E5F7}.Debug|Any CPU.Build.0 = Debug|Any CPU
		{55651DD5-2358-43BA-804A-0AF48747E5F7}.Release|Any CPU.ActiveCfg = Release|Any CPU
		{55651DD5-2358-43BA-804A-0AF48747E5F7}.Release|Any CPU.Build.0 = Release|Any CPU
		{D6AC92A4-6918-4DBC-B143-34298019E8ED}.Debug|Any CPU.ActiveCfg = Debug|Any CPU
		{D6AC92A4-6918-4DBC-B143-34298019E8ED}.Debug|Any CPU.Build.0 = Debug|Any CPU
		{D6AC92A4-6918-4DBC-B143-34298019E8ED}.Release|Any CPU.ActiveCfg = Release|Any CPU
		{D6AC92A4-6918-4DBC-B143-34298019E8ED}.Release|Any CPU.Build.0 = Release|Any CPU
		{3450A1BA-3F9C-4EDE-98B3-8F3D617AAD1C}.Debug|Any CPU.ActiveCfg = Debug|Any CPU
		{3450A1BA-3F9C-4EDE-98B3-8F3D617AAD1C}.Debug|Any CPU.Build.0 = Debug|Any CPU
		{3450A1BA-3F9C-4EDE-98B3-8F3D617AAD1C}.Release|Any CPU.ActiveCfg = Release|Any CPU
		{3450A1BA-3F9C-4EDE-98B3-8F3D617AAD1C}.Release|Any CPU.Build.0 = Release|Any CPU
		{02F1F63F-374D-4259-96D0-B889F250E0DF}.Debug|Any CPU.ActiveCfg = Debug|Any CPU
		{02F1F63F-374D-4259-96D0-B889F250E0DF}.Debug|Any CPU.Build.0 = Debug|Any CPU
		{02F1F63F-374D-4259-96D0-B889F250E0DF}.Release|Any CPU.ActiveCfg = Release|Any CPU
		{02F1F63F-374D-4259-96D0-B889F250E0DF}.Release|Any CPU.Build.0 = Release|Any CPU
		{7FA90015-DE73-4CB4-8474-3FA2C3EE3AAE}.Debug|Any CPU.ActiveCfg = Debug|Any CPU
		{7FA90015-DE73-4CB4-8474-3FA2C3EE3AAE}.Debug|Any CPU.Build.0 = Debug|Any CPU
		{7FA90015-DE73-4CB4-8474-3FA2C3EE3AAE}.Release|Any CPU.ActiveCfg = Release|Any CPU
		{7FA90015-DE73-4CB4-8474-3FA2C3EE3AAE}.Release|Any CPU.Build.0 = Release|Any CPU
		{BF3F4F97-FE1F-4815-99B2-8161F49A6078}.Debug|Any CPU.ActiveCfg = Debug|Any CPU
		{BF3F4F97-FE1F-4815-99B2-8161F49A6078}.Debug|Any CPU.Build.0 = Debug|Any CPU
		{BF3F4F97-FE1F-4815-99B2-8161F49A6078}.Release|Any CPU.ActiveCfg = Release|Any CPU
		{BF3F4F97-FE1F-4815-99B2-8161F49A6078}.Release|Any CPU.Build.0 = Release|Any CPU
		{DE303031-FC69-43B3-BFCE-7D1EAADF4E94}.Debug|Any CPU.ActiveCfg = Debug|Any CPU
		{DE303031-FC69-43B3-BFCE-7D1EAADF4E94}.Debug|Any CPU.Build.0 = Debug|Any CPU
		{DE303031-FC69-43B3-BFCE-7D1EAADF4E94}.Release|Any CPU.ActiveCfg = Release|Any CPU
		{DE303031-FC69-43B3-BFCE-7D1EAADF4E94}.Release|Any CPU.Build.0 = Release|Any CPU
		{A5A4BD20-FEF3-4FCF-A2A0-A113149A11CF}.Debug|Any CPU.ActiveCfg = Debug|Any CPU
		{A5A4BD20-FEF3-4FCF-A2A0-A113149A11CF}.Debug|Any CPU.Build.0 = Debug|Any CPU
		{A5A4BD20-FEF3-4FCF-A2A0-A113149A11CF}.Release|Any CPU.ActiveCfg = Release|Any CPU
		{A5A4BD20-FEF3-4FCF-A2A0-A113149A11CF}.Release|Any CPU.Build.0 = Release|Any CPU
		{1D160A5C-332C-4DC6-8BAB-D8555C29D9AE}.Debug|Any CPU.ActiveCfg = Debug|Any CPU
		{1D160A5C-332C-4DC6-8BAB-D8555C29D9AE}.Debug|Any CPU.Build.0 = Debug|Any CPU
		{1D160A5C-332C-4DC6-8BAB-D8555C29D9AE}.Release|Any CPU.ActiveCfg = Release|Any CPU
		{1D160A5C-332C-4DC6-8BAB-D8555C29D9AE}.Release|Any CPU.Build.0 = Release|Any CPU
		{78839A3D-4651-4AC3-9D66-778F70E2F952}.Debug|Any CPU.ActiveCfg = Debug|Any CPU
		{78839A3D-4651-4AC3-9D66-778F70E2F952}.Debug|Any CPU.Build.0 = Debug|Any CPU
		{78839A3D-4651-4AC3-9D66-778F70E2F952}.Release|Any CPU.ActiveCfg = Release|Any CPU
		{78839A3D-4651-4AC3-9D66-778F70E2F952}.Release|Any CPU.Build.0 = Release|Any CPU
		{2160DDA8-F80D-48C0-900C-FCB2518C430B}.Debug|Any CPU.ActiveCfg = Debug|Any CPU
		{2160DDA8-F80D-48C0-900C-FCB2518C430B}.Debug|Any CPU.Build.0 = Debug|Any CPU
		{2160DDA8-F80D-48C0-900C-FCB2518C430B}.Release|Any CPU.ActiveCfg = Release|Any CPU
		{2160DDA8-F80D-48C0-900C-FCB2518C430B}.Release|Any CPU.Build.0 = Release|Any CPU
		{B77A7B71-14E4-4630-876E-D1452D627696}.Debug|Any CPU.ActiveCfg = Debug|Any CPU
		{B77A7B71-14E4-4630-876E-D1452D627696}.Debug|Any CPU.Build.0 = Debug|Any CPU
		{B77A7B71-14E4-4630-876E-D1452D627696}.Release|Any CPU.ActiveCfg = Release|Any CPU
		{B77A7B71-14E4-4630-876E-D1452D627696}.Release|Any CPU.Build.0 = Release|Any CPU
		{8C00E7C9-1535-4570-9C19-F2E7D41AD694}.Debug|Any CPU.ActiveCfg = Debug|Any CPU
		{8C00E7C9-1535-4570-9C19-F2E7D41AD694}.Debug|Any CPU.Build.0 = Debug|Any CPU
		{8C00E7C9-1535-4570-9C19-F2E7D41AD694}.Release|Any CPU.ActiveCfg = Release|Any CPU
		{8C00E7C9-1535-4570-9C19-F2E7D41AD694}.Release|Any CPU.Build.0 = Release|Any CPU
		{4D1D6AE4-6940-4FB9-BB5A-0F2A87675215}.Debug|Any CPU.ActiveCfg = Debug|Any CPU
		{4D1D6AE4-6940-4FB9-BB5A-0F2A87675215}.Debug|Any CPU.Build.0 = Debug|Any CPU
		{4D1D6AE4-6940-4FB9-BB5A-0F2A87675215}.Release|Any CPU.ActiveCfg = Release|Any CPU
		{4D1D6AE4-6940-4FB9-BB5A-0F2A87675215}.Release|Any CPU.Build.0 = Release|Any CPU
		{19BD8627-D588-41F4-80BA-4C91370D46AA}.Debug|Any CPU.ActiveCfg = Debug|Any CPU
		{19BD8627-D588-41F4-80BA-4C91370D46AA}.Debug|Any CPU.Build.0 = Debug|Any CPU
		{19BD8627-D588-41F4-80BA-4C91370D46AA}.Release|Any CPU.ActiveCfg = Release|Any CPU
		{19BD8627-D588-41F4-80BA-4C91370D46AA}.Release|Any CPU.Build.0 = Release|Any CPU
		{6303F822-8312-4A2E-A9DE-6975F1226404}.Debug|Any CPU.ActiveCfg = Debug|Any CPU
		{6303F822-8312-4A2E-A9DE-6975F1226404}.Debug|Any CPU.Build.0 = Debug|Any CPU
		{6303F822-8312-4A2E-A9DE-6975F1226404}.Release|Any CPU.ActiveCfg = Release|Any CPU
		{6303F822-8312-4A2E-A9DE-6975F1226404}.Release|Any CPU.Build.0 = Release|Any CPU
	EndGlobalSection
	GlobalSection(SolutionProperties) = preSolution
		HideSolutionNode = FALSE
	EndGlobalSection
	GlobalSection(ExtensibilityGlobals) = postSolution
		SolutionGuid = {0ACDA1C1-DB70-4599-8FE1-5134A46BB2E3}
	EndGlobalSection
EndGlobal
