
Microsoft Visual Studio Solution File, Format Version 12.00
# Visual Studio 15
VisualStudioVersion = 15.0.27703.2000
MinimumVisualStudioVersion = 10.0.40219.1
Project("{9A19103F-16F7-4668-BE54-9A1E7A4F7556}") = "P01_SortTimes", "P01_SortTimes\P01_SortTimes.csproj", "{76546A94-9352-42EF-83AB-DB6008873C50}"
EndProject
Project("{9A19103F-16F7-4668-BE54-9A1E7A4F7556}") = "P02_OddFilter", "P02_OddFilter\P02_OddFilter.csproj", "{5923A8D5-974A-453F-B6EF-DB2ACF4F3224}"
EndProject
Project("{9A19103F-16F7-4668-BE54-9A1E7A4F7556}") = "P03_ImmuneSystem", "P03_ImmuneSystem\P03_ImmuneSystem.csproj", "{C98697F3-3B9E-42BC-A9AF-40EC699983A2}"
EndProject
Project("{9A19103F-16F7-4668-BE54-9A1E7A4F7556}") = "P04_SupermarketDatabase", "P04_SupermarketDatabase\P04_SupermarketDatabase.csproj", "{16C3EB5E-AC5B-4D1B-84B3-E83D13012068}"
EndProject
Project("{FAE04EC0-301F-11D3-BF4B-00C04F79EFBC}") = "P05_ParkingValidation", "P05_ParkingValidation\P05_ParkingValidation.csproj", "{1695FE98-2CF5-49BE-94A5-73583C4E0891}"
EndProject
Project("{FAE04EC0-301F-11D3-BF4B-00C04F79EFBC}") = "P06_ByteFlip", "P06_ByteFlip\P06_ByteFlip.csproj", "{A241F346-5DA1-4005-A18D-EFB178609799}"
EndProject
Project("{FAE04EC0-301F-11D3-BF4B-00C04F79EFBC}") = "P07_TakeSkipRope", "P07_TakeSkipRope\P07_TakeSkipRope.csproj", "{C2F83665-0A3A-4453-A0FB-367C53D66F51}"
EndProject
Global
	GlobalSection(SolutionConfigurationPlatforms) = preSolution
		Debug|Any CPU = Debug|Any CPU
		Release|Any CPU = Release|Any CPU
	EndGlobalSection
	GlobalSection(ProjectConfigurationPlatforms) = postSolution
		{76546A94-9352-42EF-83AB-DB6008873C50}.Debug|Any CPU.ActiveCfg = Debug|Any CPU
		{76546A94-9352-42EF-83AB-DB6008873C50}.Debug|Any CPU.Build.0 = Debug|Any CPU
		{76546A94-9352-42EF-83AB-DB6008873C50}.Release|Any CPU.ActiveCfg = Release|Any CPU
		{76546A94-9352-42EF-83AB-DB6008873C50}.Release|Any CPU.Build.0 = Release|Any CPU
		{5923A8D5-974A-453F-B6EF-DB2ACF4F3224}.Debug|Any CPU.ActiveCfg = Debug|Any CPU
		{5923A8D5-974A-453F-B6EF-DB2ACF4F3224}.Debug|Any CPU.Build.0 = Debug|Any CPU
		{5923A8D5-974A-453F-B6EF-DB2ACF4F3224}.Release|Any CPU.ActiveCfg = Release|Any CPU
		{5923A8D5-974A-453F-B6EF-DB2ACF4F3224}.Release|Any CPU.Build.0 = Release|Any CPU
		{C98697F3-3B9E-42BC-A9AF-40EC699983A2}.Debug|Any CPU.ActiveCfg = Debug|Any CPU
		{C98697F3-3B9E-42BC-A9AF-40EC699983A2}.Debug|Any CPU.Build.0 = Debug|Any CPU
		{C98697F3-3B9E-42BC-A9AF-40EC699983A2}.Release|Any CPU.ActiveCfg = Release|Any CPU
		{C98697F3-3B9E-42BC-A9AF-40EC699983A2}.Release|Any CPU.Build.0 = Release|Any CPU
		{16C3EB5E-AC5B-4D1B-84B3-E83D13012068}.Debug|Any CPU.ActiveCfg = Debug|Any CPU
		{16C3EB5E-AC5B-4D1B-84B3-E83D13012068}.Debug|Any CPU.Build.0 = Debug|Any CPU
		{16C3EB5E-AC5B-4D1B-84B3-E83D13012068}.Release|Any CPU.ActiveCfg = Release|Any CPU
		{16C3EB5E-AC5B-4D1B-84B3-E83D13012068}.Release|Any CPU.Build.0 = Release|Any CPU
		{1695FE98-2CF5-49BE-94A5-73583C4E0891}.Debug|Any CPU.ActiveCfg = Debug|Any CPU
		{1695FE98-2CF5-49BE-94A5-73583C4E0891}.Debug|Any CPU.Build.0 = Debug|Any CPU
		{1695FE98-2CF5-49BE-94A5-73583C4E0891}.Release|Any CPU.ActiveCfg = Release|Any CPU
		{1695FE98-2CF5-49BE-94A5-73583C4E0891}.Release|Any CPU.Build.0 = Release|Any CPU
		{A241F346-5DA1-4005-A18D-EFB178609799}.Debug|Any CPU.ActiveCfg = Debug|Any CPU
		{A241F346-5DA1-4005-A18D-EFB178609799}.Debug|Any CPU.Build.0 = Debug|Any CPU
		{A241F346-5DA1-4005-A18D-EFB178609799}.Release|Any CPU.ActiveCfg = Release|Any CPU
		{A241F346-5DA1-4005-A18D-EFB178609799}.Release|Any CPU.Build.0 = Release|Any CPU
		{C2F83665-0A3A-4453-A0FB-367C53D66F51}.Debug|Any CPU.ActiveCfg = Debug|Any CPU
		{C2F83665-0A3A-4453-A0FB-367C53D66F51}.Debug|Any CPU.Build.0 = Debug|Any CPU
		{C2F83665-0A3A-4453-A0FB-367C53D66F51}.Release|Any CPU.ActiveCfg = Release|Any CPU
		{C2F83665-0A3A-4453-A0FB-367C53D66F51}.Release|Any CPU.Build.0 = Release|Any CPU
	EndGlobalSection
	GlobalSection(SolutionProperties) = preSolution
		HideSolutionNode = FALSE
	EndGlobalSection
	GlobalSection(ExtensibilityGlobals) = postSolution
		SolutionGuid = {EF223E14-540F-4C12-AC35-9633CDB50818}
	EndGlobalSection
EndGlobal
