
Microsoft Visual Studio Solution File, Format Version 12.00
# Visual Studio 15
VisualStudioVersion = 15.0.27703.2000
MinimumVisualStudioVersion = 10.0.40219.1
Project("{FAE04EC0-301F-11D3-BF4B-00C04F79EFBC}") = "P01_1. CenturiesToMinutes", "P01_1. CenturiesToMinutes\P01_1. CenturiesToMinutes.csproj", "{56515355-1905-463A-A4ED-6E06BEE13E1A}"
EndProject
Project("{FAE04EC0-301F-11D3-BF4B-00C04F79EFBC}") = "P02_CircleArea_Precision 12", "P02_CircleArea_Precision 12\P02_CircleArea_Precision 12.csproj", "{21723DC8-E675-48C4-A15C-DE67BC5939D5}"
EndProject
Project("{FAE04EC0-301F-11D3-BF4B-00C04F79EFBC}") = "P03_ExactSumOfRealNumbers", "P03_ExactSumOfRealNumbers\P03_ExactSumOfRealNumbers.csproj", "{3EF1D825-6131-4BEA-98A8-0E4E12BF891B}"
EndProject
Project("{FAE04EC0-301F-11D3-BF4B-00C04F79EFBC}") = "P04_Elevator", "P04_Elevator\P04_Elevator.csproj", "{D3CD81C3-6D88-4A57-95AB-5466751906F7}"
EndProject
Project("{FAE04EC0-301F-11D3-BF4B-00C04F79EFBC}") = "P05_SpecialNumbers", "P05_SpecialNumbers\P05_SpecialNumbers.csproj", "{1762A877-37AE-4C5C-BDC9-2B38DFF67A91}"
EndProject
Project("{FAE04EC0-301F-11D3-BF4B-00C04F79EFBC}") = "P06_TriplesOfLetters", "P06_TriplesOfLetters\P06_TriplesOfLetters.csproj", "{518C44BD-31C4-4123-8EFD-19F5E85B4E85}"
EndProject
Project("{FAE04EC0-301F-11D3-BF4B-00C04F79EFBC}") = "P07_Greeting", "P07_Greeting\P07_Greeting.csproj", "{0794D9FB-85B5-444A-891E-E9E225B28D70}"
EndProject
Project("{FAE04EC0-301F-11D3-BF4B-00C04F79EFBC}") = "P08_RefactorVolumeOfPyramid", "P08_RefactorVolumeOfPyramid\P08_RefactorVolumeOfPyramid.csproj", "{492CA917-95AD-4CED-9884-6D8526774858}"
EndProject
Project("{FAE04EC0-301F-11D3-BF4B-00C04F79EFBC}") = "P09_RefactorSpecialNumbers", "P09_RefactorSpecialNumbers\P09_RefactorSpecialNumbers.csproj", "{C9029316-391B-43AC-A1E0-AACC60B33810}"
EndProject
Global
	GlobalSection(SolutionConfigurationPlatforms) = preSolution
		Debug|Any CPU = Debug|Any CPU
		Release|Any CPU = Release|Any CPU
	EndGlobalSection
	GlobalSection(ProjectConfigurationPlatforms) = postSolution
		{56515355-1905-463A-A4ED-6E06BEE13E1A}.Debug|Any CPU.ActiveCfg = Debug|Any CPU
		{56515355-1905-463A-A4ED-6E06BEE13E1A}.Debug|Any CPU.Build.0 = Debug|Any CPU
		{56515355-1905-463A-A4ED-6E06BEE13E1A}.Release|Any CPU.ActiveCfg = Release|Any CPU
		{56515355-1905-463A-A4ED-6E06BEE13E1A}.Release|Any CPU.Build.0 = Release|Any CPU
		{21723DC8-E675-48C4-A15C-DE67BC5939D5}.Debug|Any CPU.ActiveCfg = Debug|Any CPU
		{21723DC8-E675-48C4-A15C-DE67BC5939D5}.Debug|Any CPU.Build.0 = Debug|Any CPU
		{21723DC8-E675-48C4-A15C-DE67BC5939D5}.Release|Any CPU.ActiveCfg = Release|Any CPU
		{21723DC8-E675-48C4-A15C-DE67BC5939D5}.Release|Any CPU.Build.0 = Release|Any CPU
		{3EF1D825-6131-4BEA-98A8-0E4E12BF891B}.Debug|Any CPU.ActiveCfg = Debug|Any CPU
		{3EF1D825-6131-4BEA-98A8-0E4E12BF891B}.Debug|Any CPU.Build.0 = Debug|Any CPU
		{3EF1D825-6131-4BEA-98A8-0E4E12BF891B}.Release|Any CPU.ActiveCfg = Release|Any CPU
		{3EF1D825-6131-4BEA-98A8-0E4E12BF891B}.Release|Any CPU.Build.0 = Release|Any CPU
		{D3CD81C3-6D88-4A57-95AB-5466751906F7}.Debug|Any CPU.ActiveCfg = Debug|Any CPU
		{D3CD81C3-6D88-4A57-95AB-5466751906F7}.Debug|Any CPU.Build.0 = Debug|Any CPU
		{D3CD81C3-6D88-4A57-95AB-5466751906F7}.Release|Any CPU.ActiveCfg = Release|Any CPU
		{D3CD81C3-6D88-4A57-95AB-5466751906F7}.Release|Any CPU.Build.0 = Release|Any CPU
		{1762A877-37AE-4C5C-BDC9-2B38DFF67A91}.Debug|Any CPU.ActiveCfg = Debug|Any CPU
		{1762A877-37AE-4C5C-BDC9-2B38DFF67A91}.Debug|Any CPU.Build.0 = Debug|Any CPU
		{1762A877-37AE-4C5C-BDC9-2B38DFF67A91}.Release|Any CPU.ActiveCfg = Release|Any CPU
		{1762A877-37AE-4C5C-BDC9-2B38DFF67A91}.Release|Any CPU.Build.0 = Release|Any CPU
		{518C44BD-31C4-4123-8EFD-19F5E85B4E85}.Debug|Any CPU.ActiveCfg = Debug|Any CPU
		{518C44BD-31C4-4123-8EFD-19F5E85B4E85}.Debug|Any CPU.Build.0 = Debug|Any CPU
		{518C44BD-31C4-4123-8EFD-19F5E85B4E85}.Release|Any CPU.ActiveCfg = Release|Any CPU
		{518C44BD-31C4-4123-8EFD-19F5E85B4E85}.Release|Any CPU.Build.0 = Release|Any CPU
		{0794D9FB-85B5-444A-891E-E9E225B28D70}.Debug|Any CPU.ActiveCfg = Debug|Any CPU
		{0794D9FB-85B5-444A-891E-E9E225B28D70}.Debug|Any CPU.Build.0 = Debug|Any CPU
		{0794D9FB-85B5-444A-891E-E9E225B28D70}.Release|Any CPU.ActiveCfg = Release|Any CPU
		{0794D9FB-85B5-444A-891E-E9E225B28D70}.Release|Any CPU.Build.0 = Release|Any CPU
		{492CA917-95AD-4CED-9884-6D8526774858}.Debug|Any CPU.ActiveCfg = Debug|Any CPU
		{492CA917-95AD-4CED-9884-6D8526774858}.Debug|Any CPU.Build.0 = Debug|Any CPU
		{492CA917-95AD-4CED-9884-6D8526774858}.Release|Any CPU.ActiveCfg = Release|Any CPU
		{492CA917-95AD-4CED-9884-6D8526774858}.Release|Any CPU.Build.0 = Release|Any CPU
		{C9029316-391B-43AC-A1E0-AACC60B33810}.Debug|Any CPU.ActiveCfg = Debug|Any CPU
		{C9029316-391B-43AC-A1E0-AACC60B33810}.Debug|Any CPU.Build.0 = Debug|Any CPU
		{C9029316-391B-43AC-A1E0-AACC60B33810}.Release|Any CPU.ActiveCfg = Release|Any CPU
		{C9029316-391B-43AC-A1E0-AACC60B33810}.Release|Any CPU.Build.0 = Release|Any CPU
	EndGlobalSection
	GlobalSection(SolutionProperties) = preSolution
		HideSolutionNode = FALSE
	EndGlobalSection
	GlobalSection(ExtensibilityGlobals) = postSolution
		SolutionGuid = {9BA741B6-A20A-4199-A4E4-8A5DB2BE7F8A}
	EndGlobalSection
EndGlobal
