
Microsoft Visual Studio Solution File, Format Version 12.00
# Visual Studio 15
VisualStudioVersion = 15.0.27703.2000
MinimumVisualStudioVersion = 10.0.40219.1
Project("{9A19103F-16F7-4668-BE54-9A1E7A4F7556}") = "P06_PrimeChecker", "P06_PrimeChecker\P06_PrimeChecker.csproj", "{C50695FD-01A5-4611-BA2A-9F48056142B8}"
EndProject
Project("{9A19103F-16F7-4668-BE54-9A1E7A4F7556}") = "P07_PrimesInGivenRange", "P07_PrimesInGivenRange\P07_PrimesInGivenRange.csproj", "{6CE54F3F-B1AB-478E-9E8C-29405D1A2B69}"
EndProject
Project("{9A19103F-16F7-4668-BE54-9A1E7A4F7556}") = "P08_Center Point", "P08_Center Point\P08_Center Point.csproj", "{2C7F8D2D-2C35-49B3-B046-EBE082FBEF66}"
EndProject
Project("{9A19103F-16F7-4668-BE54-9A1E7A4F7556}") = "P09_LongerLine", "P09_LongerLine\P09_LongerLine.csproj", "{F93379F5-2AA4-4469-B257-919DFEFB1BBB}"
EndProject
Project("{9A19103F-16F7-4668-BE54-9A1E7A4F7556}") = "P01_Hello, Name!", "P01_Hello, Name!\P01_Hello, Name!.csproj", "{08217751-A5AD-486D-B44D-C5096BE57C5F}"
EndProject
Project("{9A19103F-16F7-4668-BE54-9A1E7A4F7556}") = "P02_Max Method", "P02_Max Method\P02_Max Method.csproj", "{1A3A70BF-5571-41BB-8DBA-CD3FD2C838A0}"
EndProject
Project("{9A19103F-16F7-4668-BE54-9A1E7A4F7556}") = "P03_EnglishNameOfLastDigit", "P03_EnglishNameOfLastDigit\P03_EnglishNameOfLastDigit.csproj", "{05ECD19C-D36B-40C3-BFC7-6B1457E24783}"
EndProject
Project("{9A19103F-16F7-4668-BE54-9A1E7A4F7556}") = "P04_NumbersInReversedOrder", "P04_NumbersInReversedOrder\P04_NumbersInReversedOrder.csproj", "{38084729-6219-49DA-B6FB-5E9D7C6974C4}"
EndProject
Project("{FAE04EC0-301F-11D3-BF4B-00C04F79EFBC}") = "P05_FibonacciNumbers", "P05_FibonacciNumbers\P05_FibonacciNumbers.csproj", "{88F1DB35-876E-40CF-86A9-13E47A2F92E5}"
EndProject
Project("{FAE04EC0-301F-11D3-BF4B-00C04F79EFBC}") = "P10_CubeProperties", "P10_CubeProperties\P10_CubeProperties.csproj", "{3C9B9D9D-E2AD-4323-863C-C8749F69E3AC}"
EndProject
Project("{FAE04EC0-301F-11D3-BF4B-00C04F79EFBC}") = "P11_GeometryCalculator", "P11_GeometryCalculator\P11_GeometryCalculator.csproj", "{8CA4ABDE-0E87-4100-BADA-ACFC9471CBFD}"
EndProject
Project("{FAE04EC0-301F-11D3-BF4B-00C04F79EFBC}") = "P12_Master Number", "P12_Master Number\P12_Master Number.csproj", "{1AC20A1B-DF01-4EFC-BE91-7C8EFACF2831}"
EndProject
Project("{FAE04EC0-301F-11D3-BF4B-00C04F79EFBC}") = "P13_Factorial", "P13_Factorial\P13_Factorial.csproj", "{F3B32E22-1577-49AB-9C23-E9AEC7BCD5D5}"
EndProject
Project("{FAE04EC0-301F-11D3-BF4B-00C04F79EFBC}") = "P14_FactorialTrailingZeroes", "P14_FactorialTrailingZeroes\P14_FactorialTrailingZeroes.csproj", "{F97927C0-2D08-4C92-B72C-CEF44444E99D}"
EndProject
Project("{FAE04EC0-301F-11D3-BF4B-00C04F79EFBC}") = "P15_Substring", "P15_Substring\P15_Substring.csproj", "{42F50C48-091C-4DB0-8FAB-F633D3CAB3BD}"
EndProject
Project("{FAE04EC0-301F-11D3-BF4B-00C04F79EFBC}") = "P16_InstructionSet", "P16_InstructionSet\P16_InstructionSet.csproj", "{9E3FCA49-A5CF-47ED-B8EC-A899FB631104}"
EndProject
Project("{FAE04EC0-301F-11D3-BF4B-00C04F79EFBC}") = "P17_BePositive", "P17_BePositive\P17_BePositive.csproj", "{77545A38-B4B5-47E1-AF1C-F7C2D1631F7E}"
EndProject
Global
	GlobalSection(SolutionConfigurationPlatforms) = preSolution
		Debug|Any CPU = Debug|Any CPU
		Release|Any CPU = Release|Any CPU
	EndGlobalSection
	GlobalSection(ProjectConfigurationPlatforms) = postSolution
		{C50695FD-01A5-4611-BA2A-9F48056142B8}.Debug|Any CPU.ActiveCfg = Debug|Any CPU
		{C50695FD-01A5-4611-BA2A-9F48056142B8}.Debug|Any CPU.Build.0 = Debug|Any CPU
		{C50695FD-01A5-4611-BA2A-9F48056142B8}.Release|Any CPU.ActiveCfg = Release|Any CPU
		{C50695FD-01A5-4611-BA2A-9F48056142B8}.Release|Any CPU.Build.0 = Release|Any CPU
		{6CE54F3F-B1AB-478E-9E8C-29405D1A2B69}.Debug|Any CPU.ActiveCfg = Debug|Any CPU
		{6CE54F3F-B1AB-478E-9E8C-29405D1A2B69}.Debug|Any CPU.Build.0 = Debug|Any CPU
		{6CE54F3F-B1AB-478E-9E8C-29405D1A2B69}.Release|Any CPU.ActiveCfg = Release|Any CPU
		{6CE54F3F-B1AB-478E-9E8C-29405D1A2B69}.Release|Any CPU.Build.0 = Release|Any CPU
		{2C7F8D2D-2C35-49B3-B046-EBE082FBEF66}.Debug|Any CPU.ActiveCfg = Debug|Any CPU
		{2C7F8D2D-2C35-49B3-B046-EBE082FBEF66}.Debug|Any CPU.Build.0 = Debug|Any CPU
		{2C7F8D2D-2C35-49B3-B046-EBE082FBEF66}.Release|Any CPU.ActiveCfg = Release|Any CPU
		{2C7F8D2D-2C35-49B3-B046-EBE082FBEF66}.Release|Any CPU.Build.0 = Release|Any CPU
		{F93379F5-2AA4-4469-B257-919DFEFB1BBB}.Debug|Any CPU.ActiveCfg = Debug|Any CPU
		{F93379F5-2AA4-4469-B257-919DFEFB1BBB}.Debug|Any CPU.Build.0 = Debug|Any CPU
		{F93379F5-2AA4-4469-B257-919DFEFB1BBB}.Release|Any CPU.ActiveCfg = Release|Any CPU
		{F93379F5-2AA4-4469-B257-919DFEFB1BBB}.Release|Any CPU.Build.0 = Release|Any CPU
		{08217751-A5AD-486D-B44D-C5096BE57C5F}.Debug|Any CPU.ActiveCfg = Debug|Any CPU
		{08217751-A5AD-486D-B44D-C5096BE57C5F}.Debug|Any CPU.Build.0 = Debug|Any CPU
		{08217751-A5AD-486D-B44D-C5096BE57C5F}.Release|Any CPU.ActiveCfg = Release|Any CPU
		{08217751-A5AD-486D-B44D-C5096BE57C5F}.Release|Any CPU.Build.0 = Release|Any CPU
		{1A3A70BF-5571-41BB-8DBA-CD3FD2C838A0}.Debug|Any CPU.ActiveCfg = Debug|Any CPU
		{1A3A70BF-5571-41BB-8DBA-CD3FD2C838A0}.Debug|Any CPU.Build.0 = Debug|Any CPU
		{1A3A70BF-5571-41BB-8DBA-CD3FD2C838A0}.Release|Any CPU.ActiveCfg = Release|Any CPU
		{1A3A70BF-5571-41BB-8DBA-CD3FD2C838A0}.Release|Any CPU.Build.0 = Release|Any CPU
		{05ECD19C-D36B-40C3-BFC7-6B1457E24783}.Debug|Any CPU.ActiveCfg = Debug|Any CPU
		{05ECD19C-D36B-40C3-BFC7-6B1457E24783}.Debug|Any CPU.Build.0 = Debug|Any CPU
		{05ECD19C-D36B-40C3-BFC7-6B1457E24783}.Release|Any CPU.ActiveCfg = Release|Any CPU
		{05ECD19C-D36B-40C3-BFC7-6B1457E24783}.Release|Any CPU.Build.0 = Release|Any CPU
		{38084729-6219-49DA-B6FB-5E9D7C6974C4}.Debug|Any CPU.ActiveCfg = Debug|Any CPU
		{38084729-6219-49DA-B6FB-5E9D7C6974C4}.Debug|Any CPU.Build.0 = Debug|Any CPU
		{38084729-6219-49DA-B6FB-5E9D7C6974C4}.Release|Any CPU.ActiveCfg = Release|Any CPU
		{38084729-6219-49DA-B6FB-5E9D7C6974C4}.Release|Any CPU.Build.0 = Release|Any CPU
		{88F1DB35-876E-40CF-86A9-13E47A2F92E5}.Debug|Any CPU.ActiveCfg = Debug|Any CPU
		{88F1DB35-876E-40CF-86A9-13E47A2F92E5}.Debug|Any CPU.Build.0 = Debug|Any CPU
		{88F1DB35-876E-40CF-86A9-13E47A2F92E5}.Release|Any CPU.ActiveCfg = Release|Any CPU
		{88F1DB35-876E-40CF-86A9-13E47A2F92E5}.Release|Any CPU.Build.0 = Release|Any CPU
		{3C9B9D9D-E2AD-4323-863C-C8749F69E3AC}.Debug|Any CPU.ActiveCfg = Debug|Any CPU
		{3C9B9D9D-E2AD-4323-863C-C8749F69E3AC}.Debug|Any CPU.Build.0 = Debug|Any CPU
		{3C9B9D9D-E2AD-4323-863C-C8749F69E3AC}.Release|Any CPU.ActiveCfg = Release|Any CPU
		{3C9B9D9D-E2AD-4323-863C-C8749F69E3AC}.Release|Any CPU.Build.0 = Release|Any CPU
		{8CA4ABDE-0E87-4100-BADA-ACFC9471CBFD}.Debug|Any CPU.ActiveCfg = Debug|Any CPU
		{8CA4ABDE-0E87-4100-BADA-ACFC9471CBFD}.Debug|Any CPU.Build.0 = Debug|Any CPU
		{8CA4ABDE-0E87-4100-BADA-ACFC9471CBFD}.Release|Any CPU.ActiveCfg = Release|Any CPU
		{8CA4ABDE-0E87-4100-BADA-ACFC9471CBFD}.Release|Any CPU.Build.0 = Release|Any CPU
		{1AC20A1B-DF01-4EFC-BE91-7C8EFACF2831}.Debug|Any CPU.ActiveCfg = Debug|Any CPU
		{1AC20A1B-DF01-4EFC-BE91-7C8EFACF2831}.Debug|Any CPU.Build.0 = Debug|Any CPU
		{1AC20A1B-DF01-4EFC-BE91-7C8EFACF2831}.Release|Any CPU.ActiveCfg = Release|Any CPU
		{1AC20A1B-DF01-4EFC-BE91-7C8EFACF2831}.Release|Any CPU.Build.0 = Release|Any CPU
		{F3B32E22-1577-49AB-9C23-E9AEC7BCD5D5}.Debug|Any CPU.ActiveCfg = Debug|Any CPU
		{F3B32E22-1577-49AB-9C23-E9AEC7BCD5D5}.Debug|Any CPU.Build.0 = Debug|Any CPU
		{F3B32E22-1577-49AB-9C23-E9AEC7BCD5D5}.Release|Any CPU.ActiveCfg = Release|Any CPU
		{F3B32E22-1577-49AB-9C23-E9AEC7BCD5D5}.Release|Any CPU.Build.0 = Release|Any CPU
		{F97927C0-2D08-4C92-B72C-CEF44444E99D}.Debug|Any CPU.ActiveCfg = Debug|Any CPU
		{F97927C0-2D08-4C92-B72C-CEF44444E99D}.Debug|Any CPU.Build.0 = Debug|Any CPU
		{F97927C0-2D08-4C92-B72C-CEF44444E99D}.Release|Any CPU.ActiveCfg = Release|Any CPU
		{F97927C0-2D08-4C92-B72C-CEF44444E99D}.Release|Any CPU.Build.0 = Release|Any CPU
		{42F50C48-091C-4DB0-8FAB-F633D3CAB3BD}.Debug|Any CPU.ActiveCfg = Debug|Any CPU
		{42F50C48-091C-4DB0-8FAB-F633D3CAB3BD}.Debug|Any CPU.Build.0 = Debug|Any CPU
		{42F50C48-091C-4DB0-8FAB-F633D3CAB3BD}.Release|Any CPU.ActiveCfg = Release|Any CPU
		{42F50C48-091C-4DB0-8FAB-F633D3CAB3BD}.Release|Any CPU.Build.0 = Release|Any CPU
		{9E3FCA49-A5CF-47ED-B8EC-A899FB631104}.Debug|Any CPU.ActiveCfg = Debug|Any CPU
		{9E3FCA49-A5CF-47ED-B8EC-A899FB631104}.Debug|Any CPU.Build.0 = Debug|Any CPU
		{9E3FCA49-A5CF-47ED-B8EC-A899FB631104}.Release|Any CPU.ActiveCfg = Release|Any CPU
		{9E3FCA49-A5CF-47ED-B8EC-A899FB631104}.Release|Any CPU.Build.0 = Release|Any CPU
		{77545A38-B4B5-47E1-AF1C-F7C2D1631F7E}.Debug|Any CPU.ActiveCfg = Debug|Any CPU
		{77545A38-B4B5-47E1-AF1C-F7C2D1631F7E}.Debug|Any CPU.Build.0 = Debug|Any CPU
		{77545A38-B4B5-47E1-AF1C-F7C2D1631F7E}.Release|Any CPU.ActiveCfg = Release|Any CPU
		{77545A38-B4B5-47E1-AF1C-F7C2D1631F7E}.Release|Any CPU.Build.0 = Release|Any CPU
	EndGlobalSection
	GlobalSection(SolutionProperties) = preSolution
		HideSolutionNode = FALSE
	EndGlobalSection
	GlobalSection(ExtensibilityGlobals) = postSolution
		SolutionGuid = {FD855205-E863-4AD0-A8C7-EDA776D9AA05}
	EndGlobalSection
EndGlobal
