
Microsoft Visual Studio Solution File, Format Version 12.00
# Visual Studio 15
VisualStudioVersion = 15.0.27703.2000
MinimumVisualStudioVersion = 10.0.40219.1
Project("{9A19103F-16F7-4668-BE54-9A1E7A4F7556}") = "P01_Phonebook", "P01_Phonebook\P01_Phonebook.csproj", "{0EE3F84F-BDC3-4B45-A620-9D75E80E1614}"
EndProject
Project("{9A19103F-16F7-4668-BE54-9A1E7A4F7556}") = "P02_PhonebookUpgrade", "P02_PhonebookUpgrade\P02_PhonebookUpgrade.csproj", "{2343FA88-82DB-4B04-8BEE-A1B02C68B6B8}"
EndProject
Project("{9A19103F-16F7-4668-BE54-9A1E7A4F7556}") = "P03_AMinerTask", "P03_AMinerTask\P03_AMinerTask.csproj", "{E3A61FA4-F5FA-45AC-A931-F7ECEF1510C6}"
EndProject
Project("{9A19103F-16F7-4668-BE54-9A1E7A4F7556}") = "P04_FixEmails", "P04_FixEmails\P04_FixEmails.csproj", "{17408303-A646-4312-81E4-3B648FDB5891}"
EndProject
Project("{9A19103F-16F7-4668-BE54-9A1E7A4F7556}") = "P05_HandsOfCards", "P05_HandsOfCards\P05_HandsOfCards.csproj", "{9B5F2051-D2AF-4E2B-8F50-6291D44CA378}"
EndProject
Project("{9A19103F-16F7-4668-BE54-9A1E7A4F7556}") = "P06_UserLogs", "P06_UserLogs\P06_UserLogs.csproj", "{00C18DE6-0C8B-4091-A48A-997B2915EC96}"
EndProject
Project("{9A19103F-16F7-4668-BE54-9A1E7A4F7556}") = "P07_PopulationCounter", "P07_PopulationCounter\P07_PopulationCounter.csproj", "{1D5505CB-C6E2-4027-855A-E3C33945FFE0}"
EndProject
Project("{FAE04EC0-301F-11D3-BF4B-00C04F79EFBC}") = "P08_LogsAggregator", "P08_LogsAggregator\P08_LogsAggregator.csproj", "{188C5F45-7881-4BD8-BD50-0284B28164B5}"
EndProject
Project("{FAE04EC0-301F-11D3-BF4B-00C04F79EFBC}") = "P09_LegendaryFarming", "P09_LegendaryFarming\P09_LegendaryFarming.csproj", "{27B76BDF-B3D9-4AD1-9333-27324223F2C4}"
EndProject
Project("{FAE04EC0-301F-11D3-BF4B-00C04F79EFBC}") = "P05_01_HandsOfCards", "P05_01_HandsOfCards\P05_01_HandsOfCards.csproj", "{04B446BA-496B-4831-9D9E-03E262292BB2}"
EndProject
Project("{FAE04EC0-301F-11D3-BF4B-00C04F79EFBC}") = "P10_СръбскоUnleashed", "P10_СръбскоUnleashed\P10_СръбскоUnleashed.csproj", "{15767F05-3D0B-4FB3-B9AF-E10C8EAE4D96}"
EndProject
Global
	GlobalSection(SolutionConfigurationPlatforms) = preSolution
		Debug|Any CPU = Debug|Any CPU
		Release|Any CPU = Release|Any CPU
	EndGlobalSection
	GlobalSection(ProjectConfigurationPlatforms) = postSolution
		{0EE3F84F-BDC3-4B45-A620-9D75E80E1614}.Debug|Any CPU.ActiveCfg = Debug|Any CPU
		{0EE3F84F-BDC3-4B45-A620-9D75E80E1614}.Debug|Any CPU.Build.0 = Debug|Any CPU
		{0EE3F84F-BDC3-4B45-A620-9D75E80E1614}.Release|Any CPU.ActiveCfg = Release|Any CPU
		{0EE3F84F-BDC3-4B45-A620-9D75E80E1614}.Release|Any CPU.Build.0 = Release|Any CPU
		{2343FA88-82DB-4B04-8BEE-A1B02C68B6B8}.Debug|Any CPU.ActiveCfg = Debug|Any CPU
		{2343FA88-82DB-4B04-8BEE-A1B02C68B6B8}.Debug|Any CPU.Build.0 = Debug|Any CPU
		{2343FA88-82DB-4B04-8BEE-A1B02C68B6B8}.Release|Any CPU.ActiveCfg = Release|Any CPU
		{2343FA88-82DB-4B04-8BEE-A1B02C68B6B8}.Release|Any CPU.Build.0 = Release|Any CPU
		{E3A61FA4-F5FA-45AC-A931-F7ECEF1510C6}.Debug|Any CPU.ActiveCfg = Debug|Any CPU
		{E3A61FA4-F5FA-45AC-A931-F7ECEF1510C6}.Debug|Any CPU.Build.0 = Debug|Any CPU
		{E3A61FA4-F5FA-45AC-A931-F7ECEF1510C6}.Release|Any CPU.ActiveCfg = Release|Any CPU
		{E3A61FA4-F5FA-45AC-A931-F7ECEF1510C6}.Release|Any CPU.Build.0 = Release|Any CPU
		{17408303-A646-4312-81E4-3B648FDB5891}.Debug|Any CPU.ActiveCfg = Debug|Any CPU
		{17408303-A646-4312-81E4-3B648FDB5891}.Debug|Any CPU.Build.0 = Debug|Any CPU
		{17408303-A646-4312-81E4-3B648FDB5891}.Release|Any CPU.ActiveCfg = Release|Any CPU
		{17408303-A646-4312-81E4-3B648FDB5891}.Release|Any CPU.Build.0 = Release|Any CPU
		{9B5F2051-D2AF-4E2B-8F50-6291D44CA378}.Debug|Any CPU.ActiveCfg = Debug|Any CPU
		{9B5F2051-D2AF-4E2B-8F50-6291D44CA378}.Debug|Any CPU.Build.0 = Debug|Any CPU
		{9B5F2051-D2AF-4E2B-8F50-6291D44CA378}.Release|Any CPU.ActiveCfg = Release|Any CPU
		{9B5F2051-D2AF-4E2B-8F50-6291D44CA378}.Release|Any CPU.Build.0 = Release|Any CPU
		{00C18DE6-0C8B-4091-A48A-997B2915EC96}.Debug|Any CPU.ActiveCfg = Debug|Any CPU
		{00C18DE6-0C8B-4091-A48A-997B2915EC96}.Debug|Any CPU.Build.0 = Debug|Any CPU
		{00C18DE6-0C8B-4091-A48A-997B2915EC96}.Release|Any CPU.ActiveCfg = Release|Any CPU
		{00C18DE6-0C8B-4091-A48A-997B2915EC96}.Release|Any CPU.Build.0 = Release|Any CPU
		{1D5505CB-C6E2-4027-855A-E3C33945FFE0}.Debug|Any CPU.ActiveCfg = Debug|Any CPU
		{1D5505CB-C6E2-4027-855A-E3C33945FFE0}.Debug|Any CPU.Build.0 = Debug|Any CPU
		{1D5505CB-C6E2-4027-855A-E3C33945FFE0}.Release|Any CPU.ActiveCfg = Release|Any CPU
		{1D5505CB-C6E2-4027-855A-E3C33945FFE0}.Release|Any CPU.Build.0 = Release|Any CPU
		{188C5F45-7881-4BD8-BD50-0284B28164B5}.Debug|Any CPU.ActiveCfg = Debug|Any CPU
		{188C5F45-7881-4BD8-BD50-0284B28164B5}.Debug|Any CPU.Build.0 = Debug|Any CPU
		{188C5F45-7881-4BD8-BD50-0284B28164B5}.Release|Any CPU.ActiveCfg = Release|Any CPU
		{188C5F45-7881-4BD8-BD50-0284B28164B5}.Release|Any CPU.Build.0 = Release|Any CPU
		{27B76BDF-B3D9-4AD1-9333-27324223F2C4}.Debug|Any CPU.ActiveCfg = Debug|Any CPU
		{27B76BDF-B3D9-4AD1-9333-27324223F2C4}.Debug|Any CPU.Build.0 = Debug|Any CPU
		{27B76BDF-B3D9-4AD1-9333-27324223F2C4}.Release|Any CPU.ActiveCfg = Release|Any CPU
		{27B76BDF-B3D9-4AD1-9333-27324223F2C4}.Release|Any CPU.Build.0 = Release|Any CPU
		{04B446BA-496B-4831-9D9E-03E262292BB2}.Debug|Any CPU.ActiveCfg = Debug|Any CPU
		{04B446BA-496B-4831-9D9E-03E262292BB2}.Debug|Any CPU.Build.0 = Debug|Any CPU
		{04B446BA-496B-4831-9D9E-03E262292BB2}.Release|Any CPU.ActiveCfg = Release|Any CPU
		{04B446BA-496B-4831-9D9E-03E262292BB2}.Release|Any CPU.Build.0 = Release|Any CPU
		{15767F05-3D0B-4FB3-B9AF-E10C8EAE4D96}.Debug|Any CPU.ActiveCfg = Debug|Any CPU
		{15767F05-3D0B-4FB3-B9AF-E10C8EAE4D96}.Debug|Any CPU.Build.0 = Debug|Any CPU
		{15767F05-3D0B-4FB3-B9AF-E10C8EAE4D96}.Release|Any CPU.ActiveCfg = Release|Any CPU
		{15767F05-3D0B-4FB3-B9AF-E10C8EAE4D96}.Release|Any CPU.Build.0 = Release|Any CPU
	EndGlobalSection
	GlobalSection(SolutionProperties) = preSolution
		HideSolutionNode = FALSE
	EndGlobalSection
	GlobalSection(ExtensibilityGlobals) = postSolution
		SolutionGuid = {12099B8E-8BE1-42E4-80FB-DF66549812ED}
	EndGlobalSection
EndGlobal
